
Microsoft Visual Studio Solution File, Format Version 12.00
# Visual Studio Version 16
VisualStudioVersion = 16.0.30907.101
MinimumVisualStudioVersion = 10.0.40219.1
Project("{9A19103F-16F7-4668-BE54-9A1E7A4F7556}") = "ElementaryOperations", "ElementaryOperations\ElementaryOperations.csproj", "{DAF755BE-FFB0-40D3-8796-0068B791AB08}"
EndProject
Project("{9A19103F-16F7-4668-BE54-9A1E7A4F7556}") = "IsResultTheSame", "IsResultTheSame\IsResultTheSame.csproj", "{6F33E3B4-DD10-4246-B89D-FA2229DA7A4F}"
EndProject
Project("{9A19103F-16F7-4668-BE54-9A1E7A4F7556}") = "ModuloOperations", "ModuloOperations\ModuloOperations.csproj", "{3EF22709-34C0-4615-886F-CFBCD1BC7C21}"
EndProject
Project("{9A19103F-16F7-4668-BE54-9A1E7A4F7556}") = "TheCube Of", "TheCube Of\TheCube Of.csproj", "{06812520-4E8E-488A-9528-1E90295AFA90}"
EndProject
Project("{9A19103F-16F7-4668-BE54-9A1E7A4F7556}") = "SwapTwoNumbers", "SwapTwoNumbers\SwapTwoNumbers.csproj", "{354D8E6B-C551-4DCC-8277-261A958EAB67}"
EndProject
Global
	GlobalSection(SolutionConfigurationPlatforms) = preSolution
		Debug|Any CPU = Debug|Any CPU
		Release|Any CPU = Release|Any CPU
	EndGlobalSection
	GlobalSection(ProjectConfigurationPlatforms) = postSolution
		{DAF755BE-FFB0-40D3-8796-0068B791AB08}.Debug|Any CPU.ActiveCfg = Debug|Any CPU
		{DAF755BE-FFB0-40D3-8796-0068B791AB08}.Debug|Any CPU.Build.0 = Debug|Any CPU
		{DAF755BE-FFB0-40D3-8796-0068B791AB08}.Release|Any CPU.ActiveCfg = Release|Any CPU
		{DAF755BE-FFB0-40D3-8796-0068B791AB08}.Release|Any CPU.Build.0 = Release|Any CPU
		{6F33E3B4-DD10-4246-B89D-FA2229DA7A4F}.Debug|Any CPU.ActiveCfg = Debug|Any CPU
		{6F33E3B4-DD10-4246-B89D-FA2229DA7A4F}.Debug|Any CPU.Build.0 = Debug|Any CPU
		{6F33E3B4-DD10-4246-B89D-FA2229DA7A4F}.Release|Any CPU.ActiveCfg = Release|Any CPU
		{6F33E3B4-DD10-4246-B89D-FA2229DA7A4F}.Release|Any CPU.Build.0 = Release|Any CPU
		{3EF22709-34C0-4615-886F-CFBCD1BC7C21}.Debug|Any CPU.ActiveCfg = Debug|Any CPU
		{3EF22709-34C0-4615-886F-CFBCD1BC7C21}.Debug|Any CPU.Build.0 = Debug|Any CPU
		{3EF22709-34C0-4615-886F-CFBCD1BC7C21}.Release|Any CPU.ActiveCfg = Release|Any CPU
		{3EF22709-34C0-4615-886F-CFBCD1BC7C21}.Release|Any CPU.Build.0 = Release|Any CPU
		{06812520-4E8E-488A-9528-1E90295AFA90}.Debug|Any CPU.ActiveCfg = Debug|Any CPU
		{06812520-4E8E-488A-9528-1E90295AFA90}.Debug|Any CPU.Build.0 = Debug|Any CPU
		{06812520-4E8E-488A-9528-1E90295AFA90}.Release|Any CPU.ActiveCfg = Release|Any CPU
		{06812520-4E8E-488A-9528-1E90295AFA90}.Release|Any CPU.Build.0 = Release|Any CPU
		{354D8E6B-C551-4DCC-8277-261A958EAB67}.Debug|Any CPU.ActiveCfg = Debug|Any CPU
		{354D8E6B-C551-4DCC-8277-261A958EAB67}.Debug|Any CPU.Build.0 = Debug|Any CPU
		{354D8E6B-C551-4DCC-8277-261A958EAB67}.Release|Any CPU.ActiveCfg = Release|Any CPU
		{354D8E6B-C551-4DCC-8277-261A958EAB67}.Release|Any CPU.Build.0 = Release|Any CPU
	EndGlobalSection
	GlobalSection(SolutionProperties) = preSolution
		HideSolutionNode = FALSE
	EndGlobalSection
	GlobalSection(ExtensibilityGlobals) = postSolution
		SolutionGuid = {6E4881F5-0752-47CB-8D34-D9E55B6F296C}
	EndGlobalSection
EndGlobal
